
Microsoft Visual Studio Solution File, Format Version 12.00
# Visual Studio 2013
VisualStudioVersion = 12.0.40629.0
MinimumVisualStudioVersion = 10.0.40219.1
Project("{FAE04EC0-301F-11D3-BF4B-00C04F79EFBC}") = "ForumSystem.Models", "ForumSystem.Models\ForumSystem.Models.csproj", "{FFD7FAC1-5427-476E-8D37-D4BD22262CBA}"
EndProject
Project("{FAE04EC0-301F-11D3-BF4B-00C04F79EFBC}") = "ForumSystem.Data", "ForumSystem.Data\ForumSystem.Data.csproj", "{A2679ED3-5CC6-4EF4-B099-8DD3393588AF}"
EndProject
Project("{FAE04EC0-301F-11D3-BF4B-00C04F79EFBC}") = "ForumSystem.Api", "ForumSystem.Api\ForumSystem.Api.csproj", "{0E29AE4F-C436-4A4B-B8DA-8095C4CF275C}"
EndProject
Project("{FAE04EC0-301F-11D3-BF4B-00C04F79EFBC}") = "ForumSystem.Services", "ForumSystem.Services\ForumSystem.Services.csproj", "{A5EFC9A7-647F-4C0B-91C0-038C527753F5}"
EndProject
Project("{FAE04EC0-301F-11D3-BF4B-00C04F79EFBC}") = "ForumSystem.Services.Test", "Tests\ForumSystem.Services.Test\ForumSystem.Services.Test.csproj", "{E4CCC055-AF43-418C-AE52-0CEB396154EA}"
EndProject
Project("{2150E333-8FDC-42A3-9474-1A3956D46DE8}") = "Tests", "Tests", "{1FB98D18-B054-43D1-9E4A-13B898E82069}"
EndProject
Project("{FAE04EC0-301F-11D3-BF4B-00C04F79EFBC}") = "ForumSystem.Api.Tests", "Tests\ForumSystem.Api.Tests\ForumSystem.Api.Tests.csproj", "{2493E004-9922-4CC3-BAEB-2BDBEB4C3B3B}"
EndProject
Global
	GlobalSection(SolutionConfigurationPlatforms) = preSolution
		Debug|Any CPU = Debug|Any CPU
		Release|Any CPU = Release|Any CPU
	EndGlobalSection
	GlobalSection(ProjectConfigurationPlatforms) = postSolution
		{FFD7FAC1-5427-476E-8D37-D4BD22262CBA}.Debug|Any CPU.ActiveCfg = Debug|Any CPU
		{FFD7FAC1-5427-476E-8D37-D4BD22262CBA}.Debug|Any CPU.Build.0 = Debug|Any CPU
		{FFD7FAC1-5427-476E-8D37-D4BD22262CBA}.Release|Any CPU.ActiveCfg = Release|Any CPU
		{FFD7FAC1-5427-476E-8D37-D4BD22262CBA}.Release|Any CPU.Build.0 = Release|Any CPU
		{A2679ED3-5CC6-4EF4-B099-8DD3393588AF}.Debug|Any CPU.ActiveCfg = Debug|Any CPU
		{A2679ED3-5CC6-4EF4-B099-8DD3393588AF}.Debug|Any CPU.Build.0 = Debug|Any CPU
		{A2679ED3-5CC6-4EF4-B099-8DD3393588AF}.Release|Any CPU.ActiveCfg = Release|Any CPU
		{A2679ED3-5CC6-4EF4-B099-8DD3393588AF}.Release|Any CPU.Build.0 = Release|Any CPU
		{0E29AE4F-C436-4A4B-B8DA-8095C4CF275C}.Debug|Any CPU.ActiveCfg = Debug|Any CPU
		{0E29AE4F-C436-4A4B-B8DA-8095C4CF275C}.Debug|Any CPU.Build.0 = Debug|Any CPU
		{0E29AE4F-C436-4A4B-B8DA-8095C4CF275C}.Release|Any CPU.ActiveCfg = Release|Any CPU
		{0E29AE4F-C436-4A4B-B8DA-8095C4CF275C}.Release|Any CPU.Build.0 = Release|Any CPU
		{A5EFC9A7-647F-4C0B-91C0-038C527753F5}.Debug|Any CPU.ActiveCfg = Debug|Any CPU
		{A5EFC9A7-647F-4C0B-91C0-038C527753F5}.Debug|Any CPU.Build.0 = Debug|Any CPU
		{A5EFC9A7-647F-4C0B-91C0-038C527753F5}.Release|Any CPU.ActiveCfg = Release|Any CPU
		{A5EFC9A7-647F-4C0B-91C0-038C527753F5}.Release|Any CPU.Build.0 = Release|Any CPU
		{E4CCC055-AF43-418C-AE52-0CEB396154EA}.Debug|Any CPU.ActiveCfg = Debug|Any CPU
		{E4CCC055-AF43-418C-AE52-0CEB396154EA}.Debug|Any CPU.Build.0 = Debug|Any CPU
		{E4CCC055-AF43-418C-AE52-0CEB396154EA}.Release|Any CPU.ActiveCfg = Release|Any CPU
		{E4CCC055-AF43-418C-AE52-0CEB396154EA}.Release|Any CPU.Build.0 = Release|Any CPU
		{2493E004-9922-4CC3-BAEB-2BDBEB4C3B3B}.Debug|Any CPU.ActiveCfg = Debug|Any CPU
		{2493E004-9922-4CC3-BAEB-2BDBEB4C3B3B}.Debug|Any CPU.Build.0 = Debug|Any CPU
		{2493E004-9922-4CC3-BAEB-2BDBEB4C3B3B}.Release|Any CPU.ActiveCfg = Release|Any CPU
		{2493E004-9922-4CC3-BAEB-2BDBEB4C3B3B}.Release|Any CPU.Build.0 = Release|Any CPU
	EndGlobalSection
	GlobalSection(SolutionProperties) = preSolution
		HideSolutionNode = FALSE
	EndGlobalSection
	GlobalSection(NestedProjects) = preSolution
		{E4CCC055-AF43-418C-AE52-0CEB396154EA} = {1FB98D18-B054-43D1-9E4A-13B898E82069}
		{2493E004-9922-4CC3-BAEB-2BDBEB4C3B3B} = {1FB98D18-B054-43D1-9E4A-13B898E82069}
	EndGlobalSection
EndGlobal
